// !$*UTF8*$!
{
	archiveVersion = 1;
	classes = {
	};
	objectVersion = 48;
	objects = {

/* Begin PBXBuildFile section */
		495A21372100466700B1F246 /* AppDelegate.swift in Sources */ = {isa = PBXBuildFile; fileRef = 495A21362100466700B1F246 /* AppDelegate.swift */; };
		495A21392100466700B1F246 /* ViewController.swift in Sources */ = {isa = PBXBuildFile; fileRef = 495A21382100466700B1F246 /* ViewController.swift */; };
		495A213C2100466700B1F246 /* Main.storyboard in Resources */ = {isa = PBXBuildFile; fileRef = 495A213A2100466700B1F246 /* Main.storyboard */; };
		495A213E2100466800B1F246 /* Assets.xcassets in Resources */ = {isa = PBXBuildFile; fileRef = 495A213D2100466800B1F246 /* Assets.xcassets */; };
		495A21412100466800B1F246 /* LaunchScreen.storyboard in Resources */ = {isa = PBXBuildFile; fileRef = 495A213F2100466800B1F246 /* LaunchScreen.storyboard */; };
		495A214A2100470600B1F246 /* ReachabilityManager.swift in Sources */ = {isa = PBXBuildFile; fileRef = 495A21492100470600B1F246 /* ReachabilityManager.swift */; };
		8272FA728901401AD27C351D /* Pods_ReachabilityDemo.framework in Frameworks */ = {isa = PBXBuildFile; fileRef = A8265DCA02D521D5929C9ED7 /* Pods_ReachabilityDemo.framework */; };
/* End PBXBuildFile section */

/* Begin PBXFileReference section */
		495A21332100466700B1F246 /* ReachabilityDemo.app */ = {isa = PBXFileReference; explicitFileType = wrapper.application; includeInIndex = 0; path = ReachabilityDemo.app; sourceTree = BUILT_PRODUCTS_DIR; };
		495A21362100466700B1F246 /* AppDelegate.swift */ = {isa = PBXFileReference; lastKnownFileType = sourcecode.swift; path = AppDelegate.swift; sourceTree = "<group>"; };
		495A21382100466700B1F246 /* ViewController.swift */ = {isa = PBXFileReference; lastKnownFileType = sourcecode.swift; path = ViewController.swift; sourceTree = "<group>"; };
		495A213B2100466700B1F246 /* Base */ = {isa = PBXFileReference; lastKnownFileType = file.storyboard; name = Base; path = Base.lproj/Main.storyboard; sourceTree = "<group>"; };
		495A213D2100466800B1F246 /* Assets.xcassets */ = {isa = PBXFileReference; lastKnownFileType = folder.assetcatalog; path = Assets.xcassets; sourceTree = "<group>"; };
		495A21402100466800B1F246 /* Base */ = {isa = PBXFileReference; lastKnownFileType = file.storyboard; name = Base; path = Base.lproj/LaunchScreen.storyboard; sourceTree = "<group>"; };
		495A21422100466800B1F246 /* Info.plist */ = {isa = PBXFileReference; lastKnownFileType = text.plist.xml; path = Info.plist; sourceTree = "<group>"; };
		495A21492100470600B1F246 /* ReachabilityManager.swift */ = {isa = PBXFileReference; fileEncoding = 4; lastKnownFileType = sourcecode.swift; path = ReachabilityManager.swift; sourceTree = "<group>"; };
		A8265DCA02D521D5929C9ED7 /* Pods_ReachabilityDemo.framework */ = {isa = PBXFileReference; explicitFileType = wrapper.framework; includeInIndex = 0; path = Pods_ReachabilityDemo.framework; sourceTree = BUILT_PRODUCTS_DIR; };
		B431722E2CEAEBC78763E8AE /* Pods-ReachabilityDemo.debug.xcconfig */ = {isa = PBXFileReference; includeInIndex = 1; lastKnownFileType = text.xcconfig; name = "Pods-ReachabilityDemo.debug.xcconfig"; path = "Pods/Target Support Files/Pods-ReachabilityDemo/Pods-ReachabilityDemo.debug.xcconfig"; sourceTree = "<group>"; };
		D4E1396F6B034E33DC1973E2 /* Pods-ReachabilityDemo.release.xcconfig */ = {isa = PBXFileReference; includeInIndex = 1; lastKnownFileType = text.xcconfig; name = "Pods-ReachabilityDemo.release.xcconfig"; path = "Pods/Target Support Files/Pods-ReachabilityDemo/Pods-ReachabilityDemo.release.xcconfig"; sourceTree = "<group>"; };
/* End PBXFileReference section */

/* Begin PBXFrameworksBuildPhase section */
		495A21302100466700B1F246 /* Frameworks */ = {
			isa = PBXFrameworksBuildPhase;
			buildActionMask = 2147483647;
			files = (
				8272FA728901401AD27C351D /* Pods_ReachabilityDemo.framework in Frameworks */,
			);
			runOnlyForDeploymentPostprocessing = 0;
		};
/* End PBXFrameworksBuildPhase section */

/* Begin PBXGroup section */
		1918ED58746DFF1BF5248FEF /* Pods */ = {
			isa = PBXGroup;
			children = (
				B431722E2CEAEBC78763E8AE /* Pods-ReachabilityDemo.debug.xcconfig */,
				D4E1396F6B034E33DC1973E2 /* Pods-ReachabilityDemo.release.xcconfig */,
			);
			name = Pods;
			sourceTree = "<group>";
		};
		495A212A2100466600B1F246 = {
			isa = PBXGroup;
			children = (
				495A21352100466700B1F246 /* ReachabilityDemo */,
				495A21342100466700B1F246 /* Products */,
				1918ED58746DFF1BF5248FEF /* Pods */,
				9549ACCB35AA0ED96C097FDC /* Frameworks */,
			);
			sourceTree = "<group>";
		};
		495A21342100466700B1F246 /* Products */ = {
			isa = PBXGroup;
			children = (
				495A21332100466700B1F246 /* ReachabilityDemo.app */,
			);
			name = Products;
			sourceTree = "<group>";
		};
		495A21352100466700B1F246 /* ReachabilityDemo */ = {
			isa = PBXGroup;
			children = (
				495A2148210046FB00B1F246 /* Utils */,
				495A21362100466700B1F246 /* AppDelegate.swift */,
				495A21382100466700B1F246 /* ViewController.swift */,
				495A213A2100466700B1F246 /* Main.storyboard */,
				495A213D2100466800B1F246 /* Assets.xcassets */,
				495A213F2100466800B1F246 /* LaunchScreen.storyboard */,
				495A21422100466800B1F246 /* Info.plist */,
			);
			path = ReachabilityDemo;
			sourceTree = "<group>";
		};
		495A2148210046FB00B1F246 /* Utils */ = {
			isa = PBXGroup;
			children = (
				495A21492100470600B1F246 /* ReachabilityManager.swift */,
			);
			path = Utils;
			sourceTree = "<group>";
		};
		9549ACCB35AA0ED96C097FDC /* Frameworks */ = {
			isa = PBXGroup;
			children = (
				A8265DCA02D521D5929C9ED7 /* Pods_ReachabilityDemo.framework */,
			);
			name = Frameworks;
			sourceTree = "<group>";
		};
/* End PBXGroup section */

/* Begin PBXNativeTarget section */
		495A21322100466700B1F246 /* ReachabilityDemo */ = {
			isa = PBXNativeTarget;
			buildConfigurationList = 495A21452100466800B1F246 /* Build configuration list for PBXNativeTarget "ReachabilityDemo" */;
			buildPhases = (
				DCFAA3C1BBE8495FA2614075 /* [CP] Check Pods Manifest.lock */,
				495A212F2100466700B1F246 /* Sources */,
				495A21302100466700B1F246 /* Frameworks */,
				495A21312100466700B1F246 /* Resources */,
				C2E65C2E2B1F4C9C24ADC076 /* [CP] Embed Pods Frameworks */,
			);
			buildRules = (
			);
			dependencies = (
			);
			name = ReachabilityDemo;
			productName = ReachabilityDemo;
			productReference = 495A21332100466700B1F246 /* ReachabilityDemo.app */;
			productType = "com.apple.product-type.application";
		};
/* End PBXNativeTarget section */

/* Begin PBXProject section */
		495A212B2100466700B1F246 /* Project object */ = {
			isa = PBXProject;
			attributes = {
				LastSwiftUpdateCheck = 0940;
				LastUpgradeCheck = 0940;
				ORGANIZATIONNAME = "NC2-28";
				TargetAttributes = {
					495A21322100466700B1F246 = {
						CreatedOnToolsVersion = 9.4;
						ProvisioningStyle = Manual;
					};
				};
			};
			buildConfigurationList = 495A212E2100466700B1F246 /* Build configuration list for PBXProject "ReachabilityDemo" */;
			compatibilityVersion = "Xcode 8.0";
			developmentRegion = en;
			hasScannedForEncodings = 0;
			knownRegions = (
				en,
				Base,
			);
			mainGroup = 495A212A2100466600B1F246;
			productRefGroup = 495A21342100466700B1F246 /* Products */;
			projectDirPath = "";
			projectRoot = "";
			targets = (
				495A21322100466700B1F246 /* ReachabilityDemo */,
			);
		};
/* End PBXProject section */

/* Begin PBXResourcesBuildPhase section */
		495A21312100466700B1F246 /* Resources */ = {
			isa = PBXResourcesBuildPhase;
			buildActionMask = 2147483647;
			files = (
				495A21412100466800B1F246 /* LaunchScreen.storyboard in Resources */,
				495A213E2100466800B1F246 /* Assets.xcassets in Resources */,
				495A213C2100466700B1F246 /* Main.storyboard in Resources */,
			);
			runOnlyForDeploymentPostprocessing = 0;
		};
/* End PBXResourcesBuildPhase section */

/* Begin PBXShellScriptBuildPhase section */
		C2E65C2E2B1F4C9C24ADC076 /* [CP] Embed Pods Frameworks */ = {
			isa = PBXShellScriptBuildPhase;
			buildActionMask = 2147483647;
			files = (
			);
			inputPaths = (
				"${SRCROOT}/Pods/Target Support Files/Pods-ReachabilityDemo/Pods-ReachabilityDemo-frameworks.sh",
				"${BUILT_PRODUCTS_DIR}/ReachabilitySwift/Reachability.framework",
			);
			name = "[CP] Embed Pods Frameworks";
			outputPaths = (
				"${TARGET_BUILD_DIR}/${FRAMEWORKS_FOLDER_PATH}/Reachability.framework",
			);
			runOnlyForDeploymentPostprocessing = 0;
			shellPath = /bin/sh;
			shellScript = "\"${SRCROOT}/Pods/Target Support Files/Pods-ReachabilityDemo/Pods-ReachabilityDemo-frameworks.sh\"\n";
			showEnvVarsInLog = 0;
		};
		DCFAA3C1BBE8495FA2614075 /* [CP] Check Pods Manifest.lock */ = {
			isa = PBXShellScriptBuildPhase;
			buildActionMask = 2147483647;
			files = (
			);
			inputPaths = (
				"${PODS_PODFILE_DIR_PATH}/Podfile.lock",
				"${PODS_ROOT}/Manifest.lock",
			);
			name = "[CP] Check Pods Manifest.lock";
			outputPaths = (
				"$(DERIVED_FILE_DIR)/Pods-ReachabilityDemo-checkManifestLockResult.txt",
			);
			runOnlyForDeploymentPostprocessing = 0;
			shellPath = /bin/sh;
			shellScript = "diff \"${PODS_PODFILE_DIR_PATH}/Podfile.lock\" \"${PODS_ROOT}/Manifest.lock\" > /dev/null\nif [ $? != 0 ] ; then\n    # print error to STDERR\n    echo \"error: The sandbox is not in sync with the Podfile.lock. Run 'pod install' or update your CocoaPods installation.\" >&2\n    exit 1\nfi\n# This output is used by Xcode 'outputs' to avoid re-running this script phase.\necho \"SUCCESS\" > \"${SCRIPT_OUTPUT_FILE_0}\"\n";
			showEnvVarsInLog = 0;
		};
/* End PBXShellScriptBuildPhase section */

/* Begin PBXSourcesBuildPhase section */
		495A212F2100466700B1F246 /* Sources */ = {
			isa = PBXSourcesBuildPhase;
			buildActionMask = 2147483647;
			files = (
				495A21392100466700B1F246 /* ViewController.swift in Sources */,
				495A214A2100470600B1F246 /* ReachabilityManager.swift in Sources */,
				495A21372100466700B1F246 /* AppDelegate.swift in Sources */,
			);
			runOnlyForDeploymentPostprocessing = 0;
		};
/* End PBXSourcesBuildPhase section */

/* Begin PBXVariantGroup section */
		495A213A2100466700B1F246 /* Main.storyboard */ = {
			isa = PBXVariantGroup;
			children = (
				495A213B2100466700B1F246 /* Base */,
			);
			name = Main.storyboard;
			sourceTree = "<group>";
		};
		495A213F2100466800B1F246 /* LaunchScreen.storyboard */ = {
			isa = PBXVariantGroup;
			children = (
				495A21402100466800B1F246 /* Base */,
			);
			name = LaunchScreen.storyboard;
			sourceTree = "<group>";
		};
/* End PBXVariantGroup section */

/* Begin XCBuildConfiguration section */
		495A21432100466800B1F246 /* Debug */ = {
			isa = XCBuildConfiguration;
			buildSettings = {
				ALWAYS_SEARCH_USER_PATHS = NO;
				CLANG_ANALYZER_NONNULL = YES;
				CLANG_ANALYZER_NUMBER_OBJECT_CONVERSION = YES_AGGRESSIVE;
				CLANG_CXX_LANGUAGE_STANDARD = "gnu++14";
				CLANG_CXX_LIBRARY = "libc++";
				CLANG_ENABLE_MODULES = YES;
				CLANG_ENABLE_OBJC_ARC = YES;
				CLANG_ENABLE_OBJC_WEAK = YES;
				CLANG_WARN_BLOCK_CAPTURE_AUTORELEASING = YES;
				CLANG_WARN_BOOL_CONVERSION = YES;
				CLANG_WARN_COMMA = YES;
				CLANG_WARN_CONSTANT_CONVERSION = YES;
				CLANG_WARN_DEPRECATED_OBJC_IMPLEMENTATIONS = YES;
				CLANG_WARN_DIRECT_OBJC_ISA_USAGE = YES_ERROR;
				CLANG_WARN_DOCUMENTATION_COMMENTS = YES;
				CLANG_WARN_EMPTY_BODY = YES;
				CLANG_WARN_ENUM_CONVERSION = YES;
				CLANG_WARN_INFINITE_RECURSION = YES;
				CLANG_WARN_INT_CONVERSION = YES;
				CLANG_WARN_NON_LITERAL_NULL_CONVERSION = YES;
				CLANG_WARN_OBJC_IMPLICIT_RETAIN_SELF = YES;
				CLANG_WARN_OBJC_LITERAL_CONVERSION = YES;
				CLANG_WARN_OBJC_ROOT_CLASS = YES_ERROR;
				CLANG_WARN_RANGE_LOOP_ANALYSIS = YES;
				CLANG_WARN_STRICT_PROTOTYPES = YES;
				CLANG_WARN_SUSPICIOUS_MOVE = YES;
				CLANG_WARN_UNGUARDED_AVAILABILITY = YES_AGGRESSIVE;
				CLANG_WARN_UNREACHABLE_CODE = YES;
				CLANG_WARN__DUPLICATE_METHOD_MATCH = YES;
				CODE_SIGN_IDENTITY = "iPhone Developer";
				COPY_PHASE_STRIP = NO;
				DEBUG_INFORMATION_FORMAT = dwarf;
				ENABLE_STRICT_OBJC_MSGSEND = YES;
				ENABLE_TESTABILITY = YES;
				GCC_C_LANGUAGE_STANDARD = gnu11;
				GCC_DYNAMIC_NO_PIC = NO;
				GCC_NO_COMMON_BLOCKS = YES;
				GCC_OPTIMIZATION_LEVEL = 0;
				GCC_PREPROCESSOR_DEFINITIONS = (
					"DEBUG=1",
					"$(inherited)",
				);
				GCC_WARN_64_TO_32_BIT_CONVERSION = YES;
				GCC_WARN_ABOUT_RETURN_TYPE = YES_ERROR;
				GCC_WARN_UNDECLARED_SELECTOR = YES;
				GCC_WARN_UNINITIALIZED_AUTOS = YES_AGGRESSIVE;
				GCC_WARN_UNUSED_FUNCTION = YES;
				GCC_WARN_UNUSED_VARIABLE = YES;
				IPHONEOS_DEPLOYMENT_TARGET = 11.4;
				MTL_ENABLE_DEBUG_INFO = YES;
				ONLY_ACTIVE_ARCH = YES;
				SDKROOT = iphoneos;
				SWIFT_ACTIVE_COMPILATION_CONDITIONS = DEBUG;
				SWIFT_OPTIMIZATION_LEVEL = "-Onone";
			};
			name = Debug;
		};
		495A21442100466800B1F246 /* Release */ = {
			isa = XCBuildConfiguration;
			buildSettings = {
				ALWAYS_SEARCH_USER_PATHS = NO;
				CLANG_ANALYZER_NONNULL = YES;
				CLANG_ANALYZER_NUMBER_OBJECT_CONVERSION = YES_AGGRESSIVE;
				CLANG_CXX_LANGUAGE_STANDARD = "gnu++14";
				CLANG_CXX_LIBRARY = "libc++";
				CLANG_ENABLE_MODULES = YES;
				CLANG_ENABLE_OBJC_ARC = YES;
				CLANG_ENABLE_OBJC_WEAK = YES;
				CLANG_WARN_BLOCK_CAPTURE_AUTORELEASING = YES;
				CLANG_WARN_BOOL_CONVERSION = YES;
				CLANG_WARN_COMMA = YES;
				CLANG_WARN_CONSTANT_CONVERSION = YES;
				CLANG_WARN_DEPRECATED_OBJC_IMPLEMENTATIONS = YES;
				CLANG_WARN_DIRECT_OBJC_ISA_USAGE = YES_ERROR;
				CLANG_WARN_DOCUMENTATION_COMMENTS = YES;
				CLANG_WARN_EMPTY_BODY = YES;
				CLANG_WARN_ENUM_CONVERSION = YES;
				CLANG_WARN_INFINITE_RECURSION = YES;
				CLANG_WARN_INT_CONVERSION = YES;
				CLANG_WARN_NON_LITERAL_NULL_CONVERSION = YES;
				CLANG_WARN_OBJC_IMPLICIT_RETAIN_SELF = YES;
				CLANG_WARN_OBJC_LITERAL_CONVERSION = YES;
				CLANG_WARN_OBJC_ROOT_CLASS = YES_ERROR;
				CLANG_WARN_RANGE_LOOP_ANALYSIS = YES;
				CLANG_WARN_STRICT_PROTOTYPES = YES;
				CLANG_WARN_SUSPICIOUS_MOVE = YES;
				CLANG_WARN_UNGUARDED_AVAILABILITY = YES_AGGRESSIVE;
				CLANG_WARN_UNREACHABLE_CODE = YES;
				CLANG_WARN__DUPLICATE_METHOD_MATCH = YES;
				CODE_SIGN_IDENTITY = "iPhone Developer";
				COPY_PHASE_STRIP = NO;
				DEBUG_INFORMATION_FORMAT = "dwarf-with-dsym";
				ENABLE_NS_ASSERTIONS = NO;
				ENABLE_STRICT_OBJC_MSGSEND = YES;
				GCC_C_LANGUAGE_STANDARD = gnu11;
				GCC_NO_COMMON_BLOCKS = YES;
				GCC_WARN_64_TO_32_BIT_CONVERSION = YES;
				GCC_WARN_ABOUT_RETURN_TYPE = YES_ERROR;
				GCC_WARN_UNDECLARED_SELECTOR = YES;
				GCC_WARN_UNINITIALIZED_AUTOS = YES_AGGRESSIVE;
				GCC_WARN_UNUSED_FUNCTION = YES;
				GCC_WARN_UNUSED_VARIABLE = YES;
				IPHONEOS_DEPLOYMENT_TARGET = 11.4;
				MTL_ENABLE_DEBUG_INFO = NO;
				SDKROOT = iphoneos;
				SWIFT_OPTIMIZATION_LEVEL = "-Owholemodule";
				VALIDATE_PRODUCT = YES;
			};
			name = Release;
		};
		495A21462100466800B1F246 /* Debug */ = {
			isa = XCBuildConfiguration;
			baseConfigurationReference = B431722E2CEAEBC78763E8AE /* Pods-ReachabilityDemo.debug.xcconfig */;
			buildSettings = {
				ASSETCATALOG_COMPILER_APPICON_NAME = AppIcon;
				CODE_SIGN_STYLE = Manual;
				DEVELOPMENT_TEAM = 8Z93889Z7E;
				INFOPLIST_FILE = ReachabilityDemo/Info.plist;
				IPHONEOS_DEPLOYMENT_TARGET = 10.0;
				LD_RUNPATH_SEARCH_PATHS = "$(inherited) @executable_path/Frameworks";
				PRODUCT_BUNDLE_IDENTIFIER = vk.ReachabilityDemo;
				PRODUCT_NAME = "$(TARGET_NAME)";
				PROVISIONING_PROFILE = "d01dcdfb-84e4-4fb3-834f-4b0228ab6bf9";
				PROVISIONING_PROFILE_SPECIFIER = Nipl_Development;
				SWIFT_VERSION = 4.0;
				TARGETED_DEVICE_FAMILY = "1,2";
			};
			name = Debug;
		};
		495A21472100466800B1F246 /* Release */ = {
			isa = XCBuildConfiguration;
			baseConfigurationReference = D4E1396F6B034E33DC1973E2 /* Pods-ReachabilityDemo.release.xcconfig */;
			buildSettings = {
				ASSETCATALOG_COMPILER_APPICON_NAME = AppIcon;
				CODE_SIGN_STYLE = Manual;
				DEVELOPMENT_TEAM = 8Z93889Z7E;
				INFOPLIST_FILE = ReachabilityDemo/Info.plist;
				IPHONEOS_DEPLOYMENT_TARGET = 10.0;
				LD_RUNPATH_SEARCH_PATHS = "$(inherited) @executable_path/Frameworks";
				PRODUCT_BUNDLE_IDENTIFIER = vk.ReachabilityDemo;
				PRODUCT_NAME = "$(TARGET_NAME)";
				PROVISIONING_PROFILE = "d01dcdfb-84e4-4fb3-834f-4b0228ab6bf9";
				PROVISIONING_PROFILE_SPECIFIER = Nipl_Development;
				SWIFT_VERSION = 4.0;
				TARGETED_DEVICE_FAMILY = "1,2";
			};
			name = Release;
		};
/* End XCBuildConfiguration section */

/* Begin XCConfigurationList section */
		495A212E2100466700B1F246 /* Build configuration list for PBXProject "ReachabilityDemo" */ = {
			isa = XCConfigurationList;
			buildConfigurations = (
				495A21432100466800B1F246 /* Debug */,
				495A21442100466800B1F246 /* Release */,
			);
			defaultConfigurationIsVisible = 0;
			defaultConfigurationName = Release;
		};
		495A21452100466800B1F246 /* Build configuration list for PBXNativeTarget "ReachabilityDemo" */ = {
			isa = XCConfigurationList;
			buildConfigurations = (
				495A21462100466800B1F246 /* Debug */,
				495A21472100466800B1F246 /* Release */,
			);
			defaultConfigurationIsVisible = 0;
			defaultConfigurationName = Release;
		};
/* End XCConfigurationList section */
	};
	rootObject = 495A212B2100466700B1F246 /* Project object */;
}
